// !$*UTF8*$!
{
	archiveVersion = 1;
	classes = {
	};
	objectVersion = 55;
	objects = {

/* Begin PBXBuildFile section */
		37AA3198BFDE82DE2215B908 /* Pods_Clima.framework in Frameworks */ = {isa = PBXBuildFile; fileRef = CFA99037FB11867A72F4AEB4 /* Pods_Clima.framework */; };
		716B144828BCF6AE001E9401 /* AppDelegate.swift in Sources */ = {isa = PBXBuildFile; fileRef = 716B144728BCF6AE001E9401 /* AppDelegate.swift */; };
		716B144A28BCF6AE001E9401 /* SceneDelegate.swift in Sources */ = {isa = PBXBuildFile; fileRef = 716B144928BCF6AE001E9401 /* SceneDelegate.swift */; };
		716B144C28BCF6AE001E9401 /* WeatherViewController.swift in Sources */ = {isa = PBXBuildFile; fileRef = 716B144B28BCF6AE001E9401 /* WeatherViewController.swift */; };
		716B145128BCF6AF001E9401 /* Assets.xcassets in Resources */ = {isa = PBXBuildFile; fileRef = 716B145028BCF6AF001E9401 /* Assets.xcassets */; };
		716B145428BCF6AF001E9401 /* LaunchScreen.storyboard in Resources */ = {isa = PBXBuildFile; fileRef = 716B145228BCF6AF001E9401 /* LaunchScreen.storyboard */; };
		716B146028BE0566001E9401 /* UIColor + Extension.swift in Sources */ = {isa = PBXBuildFile; fileRef = 716B145F28BE0566001E9401 /* UIColor + Extension.swift */; };
		719A215128BE06B0001CD8D3 /* Colors.swift in Sources */ = {isa = PBXBuildFile; fileRef = 719A215028BE06B0001CD8D3 /* Colors.swift */; };
		719A215328BE50B8001CD8D3 /* WeatherManager.swift in Sources */ = {isa = PBXBuildFile; fileRef = 719A215228BE50B8001CD8D3 /* WeatherManager.swift */; };
		719A215628BF9317001CD8D3 /* WeatherData.swift in Sources */ = {isa = PBXBuildFile; fileRef = 719A215528BF9317001CD8D3 /* WeatherData.swift */; };
		719A215828BFB2E2001CD8D3 /* WeatherModel.swift in Sources */ = {isa = PBXBuildFile; fileRef = 719A215728BFB2E2001CD8D3 /* WeatherModel.swift */; };
		71E800EB28C9D0D9001FD3D3 /* ViewController+alertController.swift in Sources */ = {isa = PBXBuildFile; fileRef = 71E800EA28C9D0D9001FD3D3 /* ViewController+alertController.swift */; };
/* End PBXBuildFile section */

/* Begin PBXFileReference section */
		02E51580D71A5EBD5127C1A7 /* Pods-Clima.debug.xcconfig */ = {isa = PBXFileReference; includeInIndex = 1; lastKnownFileType = text.xcconfig; name = "Pods-Clima.debug.xcconfig"; path = "Target Support Files/Pods-Clima/Pods-Clima.debug.xcconfig"; sourceTree = "<group>"; };
		716B144428BCF6AE001E9401 /* Clima.app */ = {isa = PBXFileReference; explicitFileType = wrapper.application; includeInIndex = 0; path = Clima.app; sourceTree = BUILT_PRODUCTS_DIR; };
		716B144728BCF6AE001E9401 /* AppDelegate.swift */ = {isa = PBXFileReference; lastKnownFileType = sourcecode.swift; path = AppDelegate.swift; sourceTree = "<group>"; };
		716B144928BCF6AE001E9401 /* SceneDelegate.swift */ = {isa = PBXFileReference; lastKnownFileType = sourcecode.swift; path = SceneDelegate.swift; sourceTree = "<group>"; };
		716B144B28BCF6AE001E9401 /* WeatherViewController.swift */ = {isa = PBXFileReference; lastKnownFileType = sourcecode.swift; path = WeatherViewController.swift; sourceTree = "<group>"; };
		716B145028BCF6AF001E9401 /* Assets.xcassets */ = {isa = PBXFileReference; lastKnownFileType = folder.assetcatalog; path = Assets.xcassets; sourceTree = "<group>"; };
		716B145328BCF6AF001E9401 /* Base */ = {isa = PBXFileReference; lastKnownFileType = file.storyboard; name = Base; path = Base.lproj/LaunchScreen.storyboard; sourceTree = "<group>"; };
		716B145528BCF6AF001E9401 /* Info.plist */ = {isa = PBXFileReference; lastKnownFileType = text.plist.xml; path = Info.plist; sourceTree = "<group>"; };
		716B145F28BE0566001E9401 /* UIColor + Extension.swift */ = {isa = PBXFileReference; lastKnownFileType = sourcecode.swift; path = "UIColor + Extension.swift"; sourceTree = "<group>"; };
		719A215028BE06B0001CD8D3 /* Colors.swift */ = {isa = PBXFileReference; lastKnownFileType = sourcecode.swift; path = Colors.swift; sourceTree = "<group>"; };
		719A215228BE50B8001CD8D3 /* WeatherManager.swift */ = {isa = PBXFileReference; lastKnownFileType = sourcecode.swift; path = WeatherManager.swift; sourceTree = "<group>"; };
		719A215528BF9317001CD8D3 /* WeatherData.swift */ = {isa = PBXFileReference; lastKnownFileType = sourcecode.swift; path = WeatherData.swift; sourceTree = "<group>"; };
		719A215728BFB2E2001CD8D3 /* WeatherModel.swift */ = {isa = PBXFileReference; lastKnownFileType = sourcecode.swift; path = WeatherModel.swift; sourceTree = "<group>"; };
		71E800EA28C9D0D9001FD3D3 /* ViewController+alertController.swift */ = {isa = PBXFileReference; lastKnownFileType = sourcecode.swift; path = "ViewController+alertController.swift"; sourceTree = "<group>"; };
		A42C2C5CEE31F025B4B9D138 /* Pods-Clima.release.xcconfig */ = {isa = PBXFileReference; includeInIndex = 1; lastKnownFileType = text.xcconfig; name = "Pods-Clima.release.xcconfig"; path = "Target Support Files/Pods-Clima/Pods-Clima.release.xcconfig"; sourceTree = "<group>"; };
		CFA99037FB11867A72F4AEB4 /* Pods_Clima.framework */ = {isa = PBXFileReference; explicitFileType = wrapper.framework; includeInIndex = 0; path = Pods_Clima.framework; sourceTree = BUILT_PRODUCTS_DIR; };
/* End PBXFileReference section */

/* Begin PBXFrameworksBuildPhase section */
		716B144128BCF6AE001E9401 /* Frameworks */ = {
			isa = PBXFrameworksBuildPhase;
			buildActionMask = 2147483647;
			files = (
				37AA3198BFDE82DE2215B908 /* Pods_Clima.framework in Frameworks */,
			);
			runOnlyForDeploymentPostprocessing = 0;
		};
/* End PBXFrameworksBuildPhase section */

/* Begin PBXGroup section */
		716B143B28BCF6AE001E9401 = {
			isa = PBXGroup;
			children = (
				716B144628BCF6AE001E9401 /* Clima */,
				716B144528BCF6AE001E9401 /* Products */,
				DB1820EA7607773A41C7677F /* Pods */,
				C2060D9B6017712F27B297BB /* Frameworks */,
			);
			sourceTree = "<group>";
		};
		716B144528BCF6AE001E9401 /* Products */ = {
			isa = PBXGroup;
			children = (
				716B144428BCF6AE001E9401 /* Clima.app */,
			);
			name = Products;
			sourceTree = "<group>";
		};
		716B144628BCF6AE001E9401 /* Clima */ = {
			isa = PBXGroup;
			children = (
				716B144728BCF6AE001E9401 /* AppDelegate.swift */,
				716B144928BCF6AE001E9401 /* SceneDelegate.swift */,
				719A215428BE50E3001CD8D3 /* Models */,
				716B145028BCF6AF001E9401 /* Assets.xcassets */,
				719A215928C08B6A001CD8D3 /* ViewController */,
				716B145228BCF6AF001E9401 /* LaunchScreen.storyboard */,
				716B146128BE056A001E9401 /* Extensions */,
				716B145528BCF6AF001E9401 /* Info.plist */,
			);
			path = Clima;
			sourceTree = "<group>";
		};
		716B146128BE056A001E9401 /* Extensions */ = {
			isa = PBXGroup;
			children = (
				716B145F28BE0566001E9401 /* UIColor + Extension.swift */,
				719A215028BE06B0001CD8D3 /* Colors.swift */,
				71E800EA28C9D0D9001FD3D3 /* ViewController+alertController.swift */,
			);
			path = Extensions;
			sourceTree = "<group>";
		};
		719A215428BE50E3001CD8D3 /* Models */ = {
			isa = PBXGroup;
			children = (
				719A215228BE50B8001CD8D3 /* WeatherManager.swift */,
				719A215528BF9317001CD8D3 /* WeatherData.swift */,
				719A215728BFB2E2001CD8D3 /* WeatherModel.swift */,
			);
			path = Models;
			sourceTree = "<group>";
		};
		719A215928C08B6A001CD8D3 /* ViewController */ = {
			isa = PBXGroup;
			children = (
				716B144B28BCF6AE001E9401 /* WeatherViewController.swift */,
			);
			path = ViewController;
			sourceTree = "<group>";
		};
		C2060D9B6017712F27B297BB /* Frameworks */ = {
			isa = PBXGroup;
			children = (
				CFA99037FB11867A72F4AEB4 /* Pods_Clima.framework */,
			);
			name = Frameworks;
			sourceTree = "<group>";
		};
		DB1820EA7607773A41C7677F /* Pods */ = {
			isa = PBXGroup;
			children = (
				02E51580D71A5EBD5127C1A7 /* Pods-Clima.debug.xcconfig */,
				A42C2C5CEE31F025B4B9D138 /* Pods-Clima.release.xcconfig */,
			);
			path = Pods;
			sourceTree = "<group>";
		};
/* End PBXGroup section */

/* Begin PBXNativeTarget section */
		716B144328BCF6AE001E9401 /* Clima */ = {
			isa = PBXNativeTarget;
			buildConfigurationList = 716B145828BCF6AF001E9401 /* Build configuration list for PBXNativeTarget "Clima" */;
			buildPhases = (
				BB71559C62629EFE9063CA03 /* [CP] Check Pods Manifest.lock */,
				716B144028BCF6AE001E9401 /* Sources */,
				716B144128BCF6AE001E9401 /* Frameworks */,
				716B144228BCF6AE001E9401 /* Resources */,
				CA045BE3194A8B90A5574F35 /* [CP] Embed Pods Frameworks */,
			);
			buildRules = (
			);
			dependencies = (
			);
			name = Clima;
			productName = Clima;
			productReference = 716B144428BCF6AE001E9401 /* Clima.app */;
			productType = "com.apple.product-type.application";
		};
/* End PBXNativeTarget section */

/* Begin PBXProject section */
		716B143C28BCF6AE001E9401 /* Project object */ = {
			isa = PBXProject;
			attributes = {
				BuildIndependentTargetsInParallel = 1;
				LastSwiftUpdateCheck = 1340;
				LastUpgradeCheck = 1340;
				TargetAttributes = {
					716B144328BCF6AE001E9401 = {
						CreatedOnToolsVersion = 13.4.1;
					};
				};
			};
			buildConfigurationList = 716B143F28BCF6AE001E9401 /* Build configuration list for PBXProject "Clima" */;
			compatibilityVersion = "Xcode 13.0";
			developmentRegion = en;
			hasScannedForEncodings = 0;
			knownRegions = (
				en,
				Base,
			);
			mainGroup = 716B143B28BCF6AE001E9401;
			productRefGroup = 716B144528BCF6AE001E9401 /* Products */;
			projectDirPath = "";
			projectRoot = "";
			targets = (
				716B144328BCF6AE001E9401 /* Clima */,
			);
		};
/* End PBXProject section */

/* Begin PBXResourcesBuildPhase section */
		716B144228BCF6AE001E9401 /* Resources */ = {
			isa = PBXResourcesBuildPhase;
			buildActionMask = 2147483647;
			files = (
				716B145428BCF6AF001E9401 /* LaunchScreen.storyboard in Resources */,
				716B145128BCF6AF001E9401 /* Assets.xcassets in Resources */,
			);
			runOnlyForDeploymentPostprocessing = 0;
		};
/* End PBXResourcesBuildPhase section */

/* Begin PBXShellScriptBuildPhase section */
		BB71559C62629EFE9063CA03 /* [CP] Check Pods Manifest.lock */ = {
			isa = PBXShellScriptBuildPhase;
			buildActionMask = 2147483647;
			files = (
			);
			inputFileListPaths = (
			);
			inputPaths = (
				"${PODS_PODFILE_DIR_PATH}/Podfile.lock",
				"${PODS_ROOT}/Manifest.lock",
			);
			name = "[CP] Check Pods Manifest.lock";
			outputFileListPaths = (
			);
			outputPaths = (
				"$(DERIVED_FILE_DIR)/Pods-Clima-checkManifestLockResult.txt",
			);
			runOnlyForDeploymentPostprocessing = 0;
			shellPath = /bin/sh;
			shellScript = "diff \"${PODS_PODFILE_DIR_PATH}/Podfile.lock\" \"${PODS_ROOT}/Manifest.lock\" > /dev/null\nif [ $? != 0 ] ; then\n    # print error to STDERR\n    echo \"error: The sandbox is not in sync with the Podfile.lock. Run 'pod install' or update your CocoaPods installation.\" >&2\n    exit 1\nfi\n# This output is used by Xcode 'outputs' to avoid re-running this script phase.\necho \"SUCCESS\" > \"${SCRIPT_OUTPUT_FILE_0}\"\n";
			showEnvVarsInLog = 0;
		};
		CA045BE3194A8B90A5574F35 /* [CP] Embed Pods Frameworks */ = {
			isa = PBXShellScriptBuildPhase;
			buildActionMask = 2147483647;
			files = (
			);
			inputFileListPaths = (
				"${PODS_ROOT}/Target Support Files/Pods-Clima/Pods-Clima-frameworks-${CONFIGURATION}-input-files.xcfilelist",
			);
			name = "[CP] Embed Pods Frameworks";
			outputFileListPaths = (
				"${PODS_ROOT}/Target Support Files/Pods-Clima/Pods-Clima-frameworks-${CONFIGURATION}-output-files.xcfilelist",
			);
			runOnlyForDeploymentPostprocessing = 0;
			shellPath = /bin/sh;
			shellScript = "\"${PODS_ROOT}/Target Support Files/Pods-Clima/Pods-Clima-frameworks.sh\"\n";
			showEnvVarsInLog = 0;
		};
/* End PBXShellScriptBuildPhase section */

/* Begin PBXSourcesBuildPhase section */
		716B144028BCF6AE001E9401 /* Sources */ = {
			isa = PBXSourcesBuildPhase;
			buildActionMask = 2147483647;
			files = (
				71E800EB28C9D0D9001FD3D3 /* ViewController+alertController.swift in Sources */,
				716B144C28BCF6AE001E9401 /* WeatherViewController.swift in Sources */,
				719A215128BE06B0001CD8D3 /* Colors.swift in Sources */,
				719A215628BF9317001CD8D3 /* WeatherData.swift in Sources */,
				716B146028BE0566001E9401 /* UIColor + Extension.swift in Sources */,
				716B144828BCF6AE001E9401 /* AppDelegate.swift in Sources */,
				719A215328BE50B8001CD8D3 /* WeatherManager.swift in Sources */,
				719A215828BFB2E2001CD8D3 /* WeatherModel.swift in Sources */,
				716B144A28BCF6AE001E9401 /* SceneDelegate.swift in Sources */,
			);
			runOnlyForDeploymentPostprocessing = 0;
		};
/* End PBXSourcesBuildPhase section */

/* Begin PBXVariantGroup section */
		716B145228BCF6AF001E9401 /* LaunchScreen.storyboard */ = {
			isa = PBXVariantGroup;
			children = (
				716B145328BCF6AF001E9401 /* Base */,
			);
			name = LaunchScreen.storyboard;
			sourceTree = "<group>";
		};
/* End PBXVariantGroup section */

/* Begin XCBuildConfiguration section */
		716B145628BCF6AF001E9401 /* Debug */ = {
			isa = XCBuildConfiguration;
			buildSettings = {
				ALWAYS_SEARCH_USER_PATHS = NO;
				CLANG_ANALYZER_NONNULL = YES;
				CLANG_ANALYZER_NUMBER_OBJECT_CONVERSION = YES_AGGRESSIVE;
				CLANG_CXX_LANGUAGE_STANDARD = "gnu++17";
				CLANG_ENABLE_MODULES = YES;
				CLANG_ENABLE_OBJC_ARC = YES;
				CLANG_ENABLE_OBJC_WEAK = YES;
				CLANG_WARN_BLOCK_CAPTURE_AUTORELEASING = YES;
				CLANG_WARN_BOOL_CONVERSION = YES;
				CLANG_WARN_COMMA = YES;
				CLANG_WARN_CONSTANT_CONVERSION = YES;
				CLANG_WARN_DEPRECATED_OBJC_IMPLEMENTATIONS = YES;
				CLANG_WARN_DIRECT_OBJC_ISA_USAGE = YES_ERROR;
				CLANG_WARN_DOCUMENTATION_COMMENTS = YES;
				CLANG_WARN_EMPTY_BODY = YES;
				CLANG_WARN_ENUM_CONVERSION = YES;
				CLANG_WARN_INFINITE_RECURSION = YES;
				CLANG_WARN_INT_CONVERSION = YES;
				CLANG_WARN_NON_LITERAL_NULL_CONVERSION = YES;
				CLANG_WARN_OBJC_IMPLICIT_RETAIN_SELF = YES;
				CLANG_WARN_OBJC_LITERAL_CONVERSION = YES;
				CLANG_WARN_OBJC_ROOT_CLASS = YES_ERROR;
				CLANG_WARN_QUOTED_INCLUDE_IN_FRAMEWORK_HEADER = YES;
				CLANG_WARN_RANGE_LOOP_ANALYSIS = YES;
				CLANG_WARN_STRICT_PROTOTYPES = YES;
				CLANG_WARN_SUSPICIOUS_MOVE = YES;
				CLANG_WARN_UNGUARDED_AVAILABILITY = YES_AGGRESSIVE;
				CLANG_WARN_UNREACHABLE_CODE = YES;
				CLANG_WARN__DUPLICATE_METHOD_MATCH = YES;
				COPY_PHASE_STRIP = NO;
				DEBUG_INFORMATION_FORMAT = dwarf;
				ENABLE_STRICT_OBJC_MSGSEND = YES;
				ENABLE_TESTABILITY = YES;
				GCC_C_LANGUAGE_STANDARD = gnu11;
				GCC_DYNAMIC_NO_PIC = NO;
				GCC_NO_COMMON_BLOCKS = YES;
				GCC_OPTIMIZATION_LEVEL = 0;
				GCC_PREPROCESSOR_DEFINITIONS = (
					"DEBUG=1",
					"$(inherited)",
				);
				GCC_WARN_64_TO_32_BIT_CONVERSION = YES;
				GCC_WARN_ABOUT_RETURN_TYPE = YES_ERROR;
				GCC_WARN_UNDECLARED_SELECTOR = YES;
				GCC_WARN_UNINITIALIZED_AUTOS = YES_AGGRESSIVE;
				GCC_WARN_UNUSED_FUNCTION = YES;
				GCC_WARN_UNUSED_VARIABLE = YES;
				IPHONEOS_DEPLOYMENT_TARGET = 15.5;
				MTL_ENABLE_DEBUG_INFO = INCLUDE_SOURCE;
				MTL_FAST_MATH = YES;
				ONLY_ACTIVE_ARCH = YES;
				SDKROOT = iphoneos;
				SWIFT_ACTIVE_COMPILATION_CONDITIONS = DEBUG;
				SWIFT_OPTIMIZATION_LEVEL = "-Onone";
			};
			name = Debug;
		};
		716B145728BCF6AF001E9401 /* Release */ = {
			isa = XCBuildConfiguration;
			buildSettings = {
				ALWAYS_SEARCH_USER_PATHS = NO;
				CLANG_ANALYZER_NONNULL = YES;
				CLANG_ANALYZER_NUMBER_OBJECT_CONVERSION = YES_AGGRESSIVE;
				CLANG_CXX_LANGUAGE_STANDARD = "gnu++17";
				CLANG_ENABLE_MODULES = YES;
				CLANG_ENABLE_OBJC_ARC = YES;
				CLANG_ENABLE_OBJC_WEAK = YES;
				CLANG_WARN_BLOCK_CAPTURE_AUTORELEASING = YES;
				CLANG_WARN_BOOL_CONVERSION = YES;
				CLANG_WARN_COMMA = YES;
				CLANG_WARN_CONSTANT_CONVERSION = YES;
				CLANG_WARN_DEPRECATED_OBJC_IMPLEMENTATIONS = YES;
				CLANG_WARN_DIRECT_OBJC_ISA_USAGE = YES_ERROR;
				CLANG_WARN_DOCUMENTATION_COMMENTS = YES;
				CLANG_WARN_EMPTY_BODY = YES;
				CLANG_WARN_ENUM_CONVERSION = YES;
				CLANG_WARN_INFINITE_RECURSION = YES;
				CLANG_WARN_INT_CONVERSION = YES;
				CLANG_WARN_NON_LITERAL_NULL_CONVERSION = YES;
				CLANG_WARN_OBJC_IMPLICIT_RETAIN_SELF = YES;
				CLANG_WARN_OBJC_LITERAL_CONVERSION = YES;
				CLANG_WARN_OBJC_ROOT_CLASS = YES_ERROR;
				CLANG_WARN_QUOTED_INCLUDE_IN_FRAMEWORK_HEADER = YES;
				CLANG_WARN_RANGE_LOOP_ANALYSIS = YES;
				CLANG_WARN_STRICT_PROTOTYPES = YES;
				CLANG_WARN_SUSPICIOUS_MOVE = YES;
				CLANG_WARN_UNGUARDED_AVAILABILITY = YES_AGGRESSIVE;
				CLANG_WARN_UNREACHABLE_CODE = YES;
				CLANG_WARN__DUPLICATE_METHOD_MATCH = YES;
				COPY_PHASE_STRIP = NO;
				DEBUG_INFORMATION_FORMAT = "dwarf-with-dsym";
				ENABLE_NS_ASSERTIONS = NO;
				ENABLE_STRICT_OBJC_MSGSEND = YES;
				GCC_C_LANGUAGE_STANDARD = gnu11;
				GCC_NO_COMMON_BLOCKS = YES;
				GCC_WARN_64_TO_32_BIT_CONVERSION = YES;
				GCC_WARN_ABOUT_RETURN_TYPE = YES_ERROR;
				GCC_WARN_UNDECLARED_SELECTOR = YES;
				GCC_WARN_UNINITIALIZED_AUTOS = YES_AGGRESSIVE;
				GCC_WARN_UNUSED_FUNCTION = YES;
				GCC_WARN_UNUSED_VARIABLE = YES;
				IPHONEOS_DEPLOYMENT_TARGET = 15.5;
				MTL_ENABLE_DEBUG_INFO = NO;
				MTL_FAST_MATH = YES;
				SDKROOT = iphoneos;
				SWIFT_COMPILATION_MODE = wholemodule;
				SWIFT_OPTIMIZATION_LEVEL = "-O";
				VALIDATE_PRODUCT = YES;
			};
			name = Release;
		};
		716B145928BCF6AF001E9401 /* Debug */ = {
			isa = XCBuildConfiguration;
			baseConfigurationReference = 02E51580D71A5EBD5127C1A7 /* Pods-Clima.debug.xcconfig */;
			buildSettings = {
				ASSETCATALOG_COMPILER_APPICON_NAME = AppIcon;
				ASSETCATALOG_COMPILER_GLOBAL_ACCENT_COLOR_NAME = AccentColor;
				CODE_SIGN_STYLE = Automatic;
				CURRENT_PROJECT_VERSION = 1;
				DEVELOPMENT_TEAM = Q4YDTP8UWA;
				GENERATE_INFOPLIST_FILE = YES;
				INFOPLIST_FILE = Clima/Info.plist;
				INFOPLIST_KEY_CFBundleDisplayName = "";
				INFOPLIST_KEY_LSApplicationCategoryType = "";
				INFOPLIST_KEY_UIApplicationSupportsIndirectInputEvents = YES;
				INFOPLIST_KEY_UILaunchStoryboardName = LaunchScreen;
				INFOPLIST_KEY_UISupportedInterfaceOrientations_iPad = "UIInterfaceOrientationPortrait UIInterfaceOrientationPortraitUpsideDown UIInterfaceOrientationLandscapeLeft UIInterfaceOrientationLandscapeRight";
				INFOPLIST_KEY_UISupportedInterfaceOrientations_iPhone = "UIInterfaceOrientationPortrait UIInterfaceOrientationLandscapeLeft UIInterfaceOrientationLandscapeRight";
				LD_RUNPATH_SEARCH_PATHS = (
					"$(inherited)",
					"@executable_path/Frameworks",
				);
				MARKETING_VERSION = 1.0;
				PRODUCT_BUNDLE_IDENTIFIER = ru.BogdanBarinov.Clima;
				PRODUCT_NAME = "$(TARGET_NAME)";
				SWIFT_EMIT_LOC_STRINGS = YES;
				SWIFT_VERSION = 5.0;
				TARGETED_DEVICE_FAMILY = "1,2";
			};
			name = Debug;
		};
		716B145A28BCF6AF001E9401 /* Release */ = {
			isa = XCBuildConfiguration;
			baseConfigurationReference = A42C2C5CEE31F025B4B9D138 /* Pods-Clima.release.xcconfig */;
			buildSettings = {
				ASSETCATALOG_COMPILER_APPICON_NAME = AppIcon;
				ASSETCATALOG_COMPILER_GLOBAL_ACCENT_COLOR_NAME = AccentColor;
				CODE_SIGN_STYLE = Automatic;
				CURRENT_PROJECT_VERSION = 1;
				DEVELOPMENT_TEAM = Q4YDTP8UWA;
				GENERATE_INFOPLIST_FILE = YES;
				INFOPLIST_FILE = Clima/Info.plist;
				INFOPLIST_KEY_CFBundleDisplayName = "";
				INFOPLIST_KEY_LSApplicationCategoryType = "";
				INFOPLIST_KEY_UIApplicationSupportsIndirectInputEvents = YES;
				INFOPLIST_KEY_UILaunchStoryboardName = LaunchScreen;
				INFOPLIST_KEY_UISupportedInterfaceOrientations_iPad = "UIInterfaceOrientationPortrait UIInterfaceOrientationPortraitUpsideDown UIInterfaceOrientationLandscapeLeft UIInterfaceOrientationLandscapeRight";
				INFOPLIST_KEY_UISupportedInterfaceOrientations_iPhone = "UIInterfaceOrientationPortrait UIInterfaceOrientationLandscapeLeft UIInterfaceOrientationLandscapeRight";
				LD_RUNPATH_SEARCH_PATHS = (
					"$(inherited)",
					"@executable_path/Frameworks",
				);
				MARKETING_VERSION = 1.0;
				PRODUCT_BUNDLE_IDENTIFIER = ru.BogdanBarinov.Clima;
				PRODUCT_NAME = "$(TARGET_NAME)";
				SWIFT_EMIT_LOC_STRINGS = YES;
				SWIFT_VERSION = 5.0;
				TARGETED_DEVICE_FAMILY = "1,2";
			};
			name = Release;
		};
/* End XCBuildConfiguration section */

/* Begin XCConfigurationList section */
		716B143F28BCF6AE001E9401 /* Build configuration list for PBXProject "Clima" */ = {
			isa = XCConfigurationList;
			buildConfigurations = (
				716B145628BCF6AF001E9401 /* Debug */,
				716B145728BCF6AF001E9401 /* Release */,
			);
			defaultConfigurationIsVisible = 0;
			defaultConfigurationName = Release;
		};
		716B145828BCF6AF001E9401 /* Build configuration list for PBXNativeTarget "Clima" */ = {
			isa = XCConfigurationList;
			buildConfigurations = (
				716B145928BCF6AF001E9401 /* Debug */,
				716B145A28BCF6AF001E9401 /* Release */,
			);
			defaultConfigurationIsVisible = 0;
			defaultConfigurationName = Release;
		};
/* End XCConfigurationList section */
	};
	rootObject = 716B143C28BCF6AE001E9401 /* Project object */;
}
